// !$*UTF8*$!
{
	archiveVersion = 1;
	classes = {
	};
	objectVersion = 50;
	objects = {

/* Begin PBXBuildFile section */
		900951D9261EFBA2009128FD /* EbookCellVM.swift in Sources */ = {isa = PBXBuildFile; fileRef = 900951D8261EFBA2009128FD /* EbookCellVM.swift */; };
		900C621C261F968500AD4E04 /* APIEndpoints.swift in Sources */ = {isa = PBXBuildFile; fileRef = 900C621A261F968500AD4E04 /* APIEndpoints.swift */; };
		900C621D261F968500AD4E04 /* APIResource.swift in Sources */ = {isa = PBXBuildFile; fileRef = 900C621B261F968500AD4E04 /* APIResource.swift */; };
		900C6222261F968B00AD4E04 /* EbookListProvider_API.swift in Sources */ = {isa = PBXBuildFile; fileRef = 900C6221261F968B00AD4E04 /* EbookListProvider_API.swift */; };
		901300CE261EEAEB001A4F67 /* EbookListProvider.swift in Sources */ = {isa = PBXBuildFile; fileRef = 901300CD261EEAEB001A4F67 /* EbookListProvider.swift */; };
		901300D4261EEAEB001A4F67 /* Ebook.swift in Sources */ = {isa = PBXBuildFile; fileRef = 901300D3261EEAEB001A4F67 /* Ebook.swift */; };
		901300E0261EEAEB001A4F67 /* Providers.swift in Sources */ = {isa = PBXBuildFile; fileRef = 901300DF261EEAEB001A4F67 /* Providers.swift */; };
		9036C604261F871F003D6B6C /* UIFontExtension.swift in Sources */ = {isa = PBXBuildFile; fileRef = 9036C603261F871F003D6B6C /* UIFontExtension.swift */; };
		905343EE261F0D940082E32E /* EbookListProvider_Dummy.swift in Sources */ = {isa = PBXBuildFile; fileRef = 905343ED261F0D940082E32E /* EbookListProvider_Dummy.swift */; };
		905BE622261DF7750076E0E6 /* AppDelegate.swift in Sources */ = {isa = PBXBuildFile; fileRef = 905BE621261DF7750076E0E6 /* AppDelegate.swift */; };
		905BE62B261DF7760076E0E6 /* Assets.xcassets in Resources */ = {isa = PBXBuildFile; fileRef = 905BE62A261DF7760076E0E6 /* Assets.xcassets */; };
		905BE62E261DF7760076E0E6 /* LaunchScreen.storyboard in Resources */ = {isa = PBXBuildFile; fileRef = 905BE62C261DF7760076E0E6 /* LaunchScreen.storyboard */; };
		905BE639261DF7770076E0E6 /* EbookListDemoTests.swift in Sources */ = {isa = PBXBuildFile; fileRef = 905BE638261DF7770076E0E6 /* EbookListDemoTests.swift */; };
		905BE644261DF7770076E0E6 /* EbookListDemoUITests.swift in Sources */ = {isa = PBXBuildFile; fileRef = 905BE643261DF7770076E0E6 /* EbookListDemoUITests.swift */; };
		905BE65A261DF7F70076E0E6 /* BookListVC.swift in Sources */ = {isa = PBXBuildFile; fileRef = 905BE659261DF7F70076E0E6 /* BookListVC.swift */; };
		905BE662261DF80A0076E0E6 /* BookListVM.swift in Sources */ = {isa = PBXBuildFile; fileRef = 905BE661261DF80A0076E0E6 /* BookListVM.swift */; };
		907074BD261F3ECA00B3B63F /* EbookCell.swift in Sources */ = {isa = PBXBuildFile; fileRef = 907074BC261F3ECA00B3B63F /* EbookCell.swift */; };
/* End PBXBuildFile section */

/* Begin PBXContainerItemProxy section */
		905BE635261DF7770076E0E6 /* PBXContainerItemProxy */ = {
			isa = PBXContainerItemProxy;
			containerPortal = 905BE616261DF7750076E0E6 /* Project object */;
			proxyType = 1;
			remoteGlobalIDString = 905BE61D261DF7750076E0E6;
			remoteInfo = EbookListDemo;
		};
		905BE640261DF7770076E0E6 /* PBXContainerItemProxy */ = {
			isa = PBXContainerItemProxy;
			containerPortal = 905BE616261DF7750076E0E6 /* Project object */;
			proxyType = 1;
			remoteGlobalIDString = 905BE61D261DF7750076E0E6;
			remoteInfo = EbookListDemo;
		};
/* End PBXContainerItemProxy section */

/* Begin PBXFileReference section */
		900951D8261EFBA2009128FD /* EbookCellVM.swift */ = {isa = PBXFileReference; lastKnownFileType = sourcecode.swift; path = EbookCellVM.swift; sourceTree = "<group>"; };
		900C621A261F968500AD4E04 /* APIEndpoints.swift */ = {isa = PBXFileReference; fileEncoding = 4; lastKnownFileType = sourcecode.swift; path = APIEndpoints.swift; sourceTree = "<group>"; };
		900C621B261F968500AD4E04 /* APIResource.swift */ = {isa = PBXFileReference; fileEncoding = 4; lastKnownFileType = sourcecode.swift; path = APIResource.swift; sourceTree = "<group>"; };
		900C6221261F968B00AD4E04 /* EbookListProvider_API.swift */ = {isa = PBXFileReference; fileEncoding = 4; lastKnownFileType = sourcecode.swift; path = EbookListProvider_API.swift; sourceTree = "<group>"; };
		901300CD261EEAEB001A4F67 /* EbookListProvider.swift */ = {isa = PBXFileReference; fileEncoding = 4; lastKnownFileType = sourcecode.swift; path = EbookListProvider.swift; sourceTree = "<group>"; };
		901300D3261EEAEB001A4F67 /* Ebook.swift */ = {isa = PBXFileReference; fileEncoding = 4; lastKnownFileType = sourcecode.swift; path = Ebook.swift; sourceTree = "<group>"; };
		901300DF261EEAEB001A4F67 /* Providers.swift */ = {isa = PBXFileReference; fileEncoding = 4; lastKnownFileType = sourcecode.swift; path = Providers.swift; sourceTree = "<group>"; };
		9036C603261F871F003D6B6C /* UIFontExtension.swift */ = {isa = PBXFileReference; lastKnownFileType = sourcecode.swift; path = UIFontExtension.swift; sourceTree = "<group>"; };
		905343ED261F0D940082E32E /* EbookListProvider_Dummy.swift */ = {isa = PBXFileReference; lastKnownFileType = sourcecode.swift; path = EbookListProvider_Dummy.swift; sourceTree = "<group>"; };
		905BE61E261DF7750076E0E6 /* EbookListDemo.app */ = {isa = PBXFileReference; explicitFileType = wrapper.application; includeInIndex = 0; path = EbookListDemo.app; sourceTree = BUILT_PRODUCTS_DIR; };
		905BE621261DF7750076E0E6 /* AppDelegate.swift */ = {isa = PBXFileReference; lastKnownFileType = sourcecode.swift; path = AppDelegate.swift; sourceTree = "<group>"; };
		905BE62A261DF7760076E0E6 /* Assets.xcassets */ = {isa = PBXFileReference; lastKnownFileType = folder.assetcatalog; path = Assets.xcassets; sourceTree = "<group>"; };
		905BE62D261DF7760076E0E6 /* Base */ = {isa = PBXFileReference; lastKnownFileType = file.storyboard; name = Base; path = Base.lproj/LaunchScreen.storyboard; sourceTree = "<group>"; };
		905BE62F261DF7770076E0E6 /* Info.plist */ = {isa = PBXFileReference; lastKnownFileType = text.plist.xml; path = Info.plist; sourceTree = "<group>"; };
		905BE634261DF7770076E0E6 /* EbookListDemoTests.xctest */ = {isa = PBXFileReference; explicitFileType = wrapper.cfbundle; includeInIndex = 0; path = EbookListDemoTests.xctest; sourceTree = BUILT_PRODUCTS_DIR; };
		905BE638261DF7770076E0E6 /* EbookListDemoTests.swift */ = {isa = PBXFileReference; lastKnownFileType = sourcecode.swift; path = EbookListDemoTests.swift; sourceTree = "<group>"; };
		905BE63A261DF7770076E0E6 /* Info.plist */ = {isa = PBXFileReference; lastKnownFileType = text.plist.xml; path = Info.plist; sourceTree = "<group>"; };
		905BE63F261DF7770076E0E6 /* EbookListDemoUITests.xctest */ = {isa = PBXFileReference; explicitFileType = wrapper.cfbundle; includeInIndex = 0; path = EbookListDemoUITests.xctest; sourceTree = BUILT_PRODUCTS_DIR; };
		905BE643261DF7770076E0E6 /* EbookListDemoUITests.swift */ = {isa = PBXFileReference; lastKnownFileType = sourcecode.swift; path = EbookListDemoUITests.swift; sourceTree = "<group>"; };
		905BE645261DF7770076E0E6 /* Info.plist */ = {isa = PBXFileReference; lastKnownFileType = text.plist.xml; path = Info.plist; sourceTree = "<group>"; };
		905BE659261DF7F70076E0E6 /* BookListVC.swift */ = {isa = PBXFileReference; lastKnownFileType = sourcecode.swift; path = BookListVC.swift; sourceTree = "<group>"; };
		905BE661261DF80A0076E0E6 /* BookListVM.swift */ = {isa = PBXFileReference; lastKnownFileType = sourcecode.swift; path = BookListVM.swift; sourceTree = "<group>"; };
		907074BC261F3ECA00B3B63F /* EbookCell.swift */ = {isa = PBXFileReference; lastKnownFileType = sourcecode.swift; path = EbookCell.swift; sourceTree = "<group>"; };
/* End PBXFileReference section */

/* Begin PBXFrameworksBuildPhase section */
		905BE61B261DF7750076E0E6 /* Frameworks */ = {
			isa = PBXFrameworksBuildPhase;
			buildActionMask = 2147483647;
			files = (
			);
			runOnlyForDeploymentPostprocessing = 0;
		};
		905BE631261DF7770076E0E6 /* Frameworks */ = {
			isa = PBXFrameworksBuildPhase;
			buildActionMask = 2147483647;
			files = (
			);
			runOnlyForDeploymentPostprocessing = 0;
		};
		905BE63C261DF7770076E0E6 /* Frameworks */ = {
			isa = PBXFrameworksBuildPhase;
			buildActionMask = 2147483647;
			files = (
			);
			runOnlyForDeploymentPostprocessing = 0;
		};
/* End PBXFrameworksBuildPhase section */

/* Begin PBXGroup section */
		901300CC261EEAEB001A4F67 /* Protocols */ = {
			isa = PBXGroup;
			children = (
				901300CD261EEAEB001A4F67 /* EbookListProvider.swift */,
			);
			name = Protocols;
			sourceTree = "<group>";
		};
		901300D2261EEAEB001A4F67 /* Models */ = {
			isa = PBXGroup;
			children = (
				901300D3261EEAEB001A4F67 /* Ebook.swift */,
			);
			name = Models;
			sourceTree = "<group>";
		};
		901300D8261EEAEB001A4F67 /* Providers */ = {
			isa = PBXGroup;
			children = (
				905343ED261F0D940082E32E /* EbookListProvider_Dummy.swift */,
				900C6221261F968B00AD4E04 /* EbookListProvider_API.swift */,
			);
			name = Providers;
			sourceTree = "<group>";
		};
		901300DE261EEAEB001A4F67 /* Managers */ = {
			isa = PBXGroup;
			children = (
				900C621A261F968500AD4E04 /* APIEndpoints.swift */,
				900C621B261F968500AD4E04 /* APIResource.swift */,
				901300DF261EEAEB001A4F67 /* Providers.swift */,
			);
			name = Managers;
			sourceTree = "<group>";
		};
		9036C602261F8706003D6B6C /* Extensions */ = {
			isa = PBXGroup;
			children = (
				9036C603261F871F003D6B6C /* UIFontExtension.swift */,
			);
			name = Extensions;
			sourceTree = "<group>";
		};
		905BE615261DF7750076E0E6 = {
			isa = PBXGroup;
			children = (
				905BE620261DF7750076E0E6 /* EbookListDemo */,
				905BE637261DF7770076E0E6 /* EbookListDemoTests */,
				905BE642261DF7770076E0E6 /* EbookListDemoUITests */,
				905BE61F261DF7750076E0E6 /* Products */,
			);
			sourceTree = "<group>";
		};
		905BE61F261DF7750076E0E6 /* Products */ = {
			isa = PBXGroup;
			children = (
				905BE61E261DF7750076E0E6 /* EbookListDemo.app */,
				905BE634261DF7770076E0E6 /* EbookListDemoTests.xctest */,
				905BE63F261DF7770076E0E6 /* EbookListDemoUITests.xctest */,
			);
			name = Products;
			sourceTree = "<group>";
		};
		905BE620261DF7750076E0E6 /* EbookListDemo */ = {
			isa = PBXGroup;
			children = (
				905BE621261DF7750076E0E6 /* AppDelegate.swift */,
				901300DE261EEAEB001A4F67 /* Managers */,
				905BE657261DF7BF0076E0E6 /* Views */,
				901300D8261EEAEB001A4F67 /* Providers */,
				901300D2261EEAEB001A4F67 /* Models */,
				901300CC261EEAEB001A4F67 /* Protocols */,
				9036C602261F8706003D6B6C /* Extensions */,
				905BE62A261DF7760076E0E6 /* Assets.xcassets */,
				905BE62C261DF7760076E0E6 /* LaunchScreen.storyboard */,
				905BE62F261DF7770076E0E6 /* Info.plist */,
			);
			path = EbookListDemo;
			sourceTree = "<group>";
		};
		905BE637261DF7770076E0E6 /* EbookListDemoTests */ = {
			isa = PBXGroup;
			children = (
				905BE638261DF7770076E0E6 /* EbookListDemoTests.swift */,
				905BE63A261DF7770076E0E6 /* Info.plist */,
			);
			path = EbookListDemoTests;
			sourceTree = "<group>";
		};
		905BE642261DF7770076E0E6 /* EbookListDemoUITests */ = {
			isa = PBXGroup;
			children = (
				905BE643261DF7770076E0E6 /* EbookListDemoUITests.swift */,
				905BE645261DF7770076E0E6 /* Info.plist */,
			);
			path = EbookListDemoUITests;
			sourceTree = "<group>";
		};
		905BE657261DF7BF0076E0E6 /* Views */ = {
			isa = PBXGroup;
			children = (
				905BE658261DF7DD0076E0E6 /* BookList */,
			);
			name = Views;
			sourceTree = "<group>";
		};
		905BE658261DF7DD0076E0E6 /* BookList */ = {
			isa = PBXGroup;
			children = (
				905BE659261DF7F70076E0E6 /* BookListVC.swift */,
				905BE661261DF80A0076E0E6 /* BookListVM.swift */,
				907074BC261F3ECA00B3B63F /* EbookCell.swift */,
				900951D8261EFBA2009128FD /* EbookCellVM.swift */,
			);
			name = BookList;
			sourceTree = "<group>";
		};
/* End PBXGroup section */

/* Begin PBXNativeTarget section */
		905BE61D261DF7750076E0E6 /* EbookListDemo */ = {
			isa = PBXNativeTarget;
			buildConfigurationList = 905BE648261DF7770076E0E6 /* Build configuration list for PBXNativeTarget "EbookListDemo" */;
			buildPhases = (
				905BE61A261DF7750076E0E6 /* Sources */,
				905BE61B261DF7750076E0E6 /* Frameworks */,
				905BE61C261DF7750076E0E6 /* Resources */,
			);
			buildRules = (
			);
			dependencies = (
			);
			name = EbookListDemo;
			productName = EbookListDemo;
			productReference = 905BE61E261DF7750076E0E6 /* EbookListDemo.app */;
			productType = "com.apple.product-type.application";
		};
		905BE633261DF7770076E0E6 /* EbookListDemoTests */ = {
			isa = PBXNativeTarget;
			buildConfigurationList = 905BE64B261DF7770076E0E6 /* Build configuration list for PBXNativeTarget "EbookListDemoTests" */;
			buildPhases = (
				905BE630261DF7770076E0E6 /* Sources */,
				905BE631261DF7770076E0E6 /* Frameworks */,
				905BE632261DF7770076E0E6 /* Resources */,
			);
			buildRules = (
			);
			dependencies = (
				905BE636261DF7770076E0E6 /* PBXTargetDependency */,
			);
			name = EbookListDemoTests;
			productName = EbookListDemoTests;
			productReference = 905BE634261DF7770076E0E6 /* EbookListDemoTests.xctest */;
			productType = "com.apple.product-type.bundle.unit-test";
		};
		905BE63E261DF7770076E0E6 /* EbookListDemoUITests */ = {
			isa = PBXNativeTarget;
			buildConfigurationList = 905BE64E261DF7770076E0E6 /* Build configuration list for PBXNativeTarget "EbookListDemoUITests" */;
			buildPhases = (
				905BE63B261DF7770076E0E6 /* Sources */,
				905BE63C261DF7770076E0E6 /* Frameworks */,
				905BE63D261DF7770076E0E6 /* Resources */,
			);
			buildRules = (
			);
			dependencies = (
				905BE641261DF7770076E0E6 /* PBXTargetDependency */,
			);
			name = EbookListDemoUITests;
			productName = EbookListDemoUITests;
			productReference = 905BE63F261DF7770076E0E6 /* EbookListDemoUITests.xctest */;
			productType = "com.apple.product-type.bundle.ui-testing";
		};
/* End PBXNativeTarget section */

/* Begin PBXProject section */
		905BE616261DF7750076E0E6 /* Project object */ = {
			isa = PBXProject;
			attributes = {
				LastSwiftUpdateCheck = 1240;
				LastUpgradeCheck = 1240;
				TargetAttributes = {
					905BE61D261DF7750076E0E6 = {
						CreatedOnToolsVersion = 12.4;
					};
					905BE633261DF7770076E0E6 = {
						CreatedOnToolsVersion = 12.4;
						TestTargetID = 905BE61D261DF7750076E0E6;
					};
					905BE63E261DF7770076E0E6 = {
						CreatedOnToolsVersion = 12.4;
						TestTargetID = 905BE61D261DF7750076E0E6;
					};
				};
			};
			buildConfigurationList = 905BE619261DF7750076E0E6 /* Build configuration list for PBXProject "EbookListDemo" */;
			compatibilityVersion = "Xcode 9.3";
			developmentRegion = en;
			hasScannedForEncodings = 0;
			knownRegions = (
				en,
				Base,
			);
			mainGroup = 905BE615261DF7750076E0E6;
			productRefGroup = 905BE61F261DF7750076E0E6 /* Products */;
			projectDirPath = "";
			projectRoot = "";
			targets = (
				905BE61D261DF7750076E0E6 /* EbookListDemo */,
				905BE633261DF7770076E0E6 /* EbookListDemoTests */,
				905BE63E261DF7770076E0E6 /* EbookListDemoUITests */,
			);
		};
/* End PBXProject section */

/* Begin PBXResourcesBuildPhase section */
		905BE61C261DF7750076E0E6 /* Resources */ = {
			isa = PBXResourcesBuildPhase;
			buildActionMask = 2147483647;
			files = (
				905BE62E261DF7760076E0E6 /* LaunchScreen.storyboard in Resources */,
				905BE62B261DF7760076E0E6 /* Assets.xcassets in Resources */,
			);
			runOnlyForDeploymentPostprocessing = 0;
		};
		905BE632261DF7770076E0E6 /* Resources */ = {
			isa = PBXResourcesBuildPhase;
			buildActionMask = 2147483647;
			files = (
			);
			runOnlyForDeploymentPostprocessing = 0;
		};
		905BE63D261DF7770076E0E6 /* Resources */ = {
			isa = PBXResourcesBuildPhase;
			buildActionMask = 2147483647;
			files = (
			);
			runOnlyForDeploymentPostprocessing = 0;
		};
/* End PBXResourcesBuildPhase section */

/* Begin PBXSourcesBuildPhase section */
		905BE61A261DF7750076E0E6 /* Sources */ = {
			isa = PBXSourcesBuildPhase;
			buildActionMask = 2147483647;
			files = (
				900C6222261F968B00AD4E04 /* EbookListProvider_API.swift in Sources */,
				901300E0261EEAEB001A4F67 /* Providers.swift in Sources */,
				905BE622261DF7750076E0E6 /* AppDelegate.swift in Sources */,
				905BE662261DF80A0076E0E6 /* BookListVM.swift in Sources */,
				900C621C261F968500AD4E04 /* APIEndpoints.swift in Sources */,
				900951D9261EFBA2009128FD /* EbookCellVM.swift in Sources */,
				901300D4261EEAEB001A4F67 /* Ebook.swift in Sources */,
				907074BD261F3ECA00B3B63F /* EbookCell.swift in Sources */,
				9036C604261F871F003D6B6C /* UIFontExtension.swift in Sources */,
				905343EE261F0D940082E32E /* EbookListProvider_Dummy.swift in Sources */,
				905BE65A261DF7F70076E0E6 /* BookListVC.swift in Sources */,
				900C621D261F968500AD4E04 /* APIResource.swift in Sources */,
				901300CE261EEAEB001A4F67 /* EbookListProvider.swift in Sources */,
			);
			runOnlyForDeploymentPostprocessing = 0;
		};
		905BE630261DF7770076E0E6 /* Sources */ = {
			isa = PBXSourcesBuildPhase;
			buildActionMask = 2147483647;
			files = (
				905BE639261DF7770076E0E6 /* EbookListDemoTests.swift in Sources */,
			);
			runOnlyForDeploymentPostprocessing = 0;
		};
		905BE63B261DF7770076E0E6 /* Sources */ = {
			isa = PBXSourcesBuildPhase;
			buildActionMask = 2147483647;
			files = (
				905BE644261DF7770076E0E6 /* EbookListDemoUITests.swift in Sources */,
			);
			runOnlyForDeploymentPostprocessing = 0;
		};
/* End PBXSourcesBuildPhase section */

/* Begin PBXTargetDependency section */
		905BE636261DF7770076E0E6 /* PBXTargetDependency */ = {
			isa = PBXTargetDependency;
			target = 905BE61D261DF7750076E0E6 /* EbookListDemo */;
			targetProxy = 905BE635261DF7770076E0E6 /* PBXContainerItemProxy */;
		};
		905BE641261DF7770076E0E6 /* PBXTargetDependency */ = {
			isa = PBXTargetDependency;
			target = 905BE61D261DF7750076E0E6 /* EbookListDemo */;
			targetProxy = 905BE640261DF7770076E0E6 /* PBXContainerItemProxy */;
		};
/* End PBXTargetDependency section */

/* Begin PBXVariantGroup section */
		905BE62C261DF7760076E0E6 /* LaunchScreen.storyboard */ = {
			isa = PBXVariantGroup;
			children = (
				905BE62D261DF7760076E0E6 /* Base */,
			);
			name = LaunchScreen.storyboard;
			sourceTree = "<group>";
		};
/* End PBXVariantGroup section */

/* Begin XCBuildConfiguration section */
		905BE646261DF7770076E0E6 /* Debug */ = {
			isa = XCBuildConfiguration;
			buildSettings = {
				ALWAYS_SEARCH_USER_PATHS = NO;
				CLANG_ANALYZER_NONNULL = YES;
				CLANG_ANALYZER_NUMBER_OBJECT_CONVERSION = YES_AGGRESSIVE;
				CLANG_CXX_LANGUAGE_STANDARD = "gnu++14";
				CLANG_CXX_LIBRARY = "libc++";
				CLANG_ENABLE_MODULES = YES;
				CLANG_ENABLE_OBJC_ARC = YES;
				CLANG_ENABLE_OBJC_WEAK = YES;
				CLANG_WARN_BLOCK_CAPTURE_AUTORELEASING = YES;
				CLANG_WARN_BOOL_CONVERSION = YES;
				CLANG_WARN_COMMA = YES;
				CLANG_WARN_CONSTANT_CONVERSION = YES;
				CLANG_WARN_DEPRECATED_OBJC_IMPLEMENTATIONS = YES;
				CLANG_WARN_DIRECT_OBJC_ISA_USAGE = YES_ERROR;
				CLANG_WARN_DOCUMENTATION_COMMENTS = YES;
				CLANG_WARN_EMPTY_BODY = YES;
				CLANG_WARN_ENUM_CONVERSION = YES;
				CLANG_WARN_INFINITE_RECURSION = YES;
				CLANG_WARN_INT_CONVERSION = YES;
				CLANG_WARN_NON_LITERAL_NULL_CONVERSION = YES;
				CLANG_WARN_OBJC_IMPLICIT_RETAIN_SELF = YES;
				CLANG_WARN_OBJC_LITERAL_CONVERSION = YES;
				CLANG_WARN_OBJC_ROOT_CLASS = YES_ERROR;
				CLANG_WARN_QUOTED_INCLUDE_IN_FRAMEWORK_HEADER = YES;
				CLANG_WARN_RANGE_LOOP_ANALYSIS = YES;
				CLANG_WARN_STRICT_PROTOTYPES = YES;
				CLANG_WARN_SUSPICIOUS_MOVE = YES;
				CLANG_WARN_UNGUARDED_AVAILABILITY = YES_AGGRESSIVE;
				CLANG_WARN_UNREACHABLE_CODE = YES;
				CLANG_WARN__DUPLICATE_METHOD_MATCH = YES;
				COPY_PHASE_STRIP = NO;
				DEBUG_INFORMATION_FORMAT = dwarf;
				ENABLE_STRICT_OBJC_MSGSEND = YES;
				ENABLE_TESTABILITY = YES;
				GCC_C_LANGUAGE_STANDARD = gnu11;
				GCC_DYNAMIC_NO_PIC = NO;
				GCC_NO_COMMON_BLOCKS = YES;
				GCC_OPTIMIZATION_LEVEL = 0;
				GCC_PREPROCESSOR_DEFINITIONS = (
					"DEBUG=1",
					"$(inherited)",
				);
				GCC_WARN_64_TO_32_BIT_CONVERSION = YES;
				GCC_WARN_ABOUT_RETURN_TYPE = YES_ERROR;
				GCC_WARN_UNDECLARED_SELECTOR = YES;
				GCC_WARN_UNINITIALIZED_AUTOS = YES_AGGRESSIVE;
				GCC_WARN_UNUSED_FUNCTION = YES;
				GCC_WARN_UNUSED_VARIABLE = YES;
				IPHONEOS_DEPLOYMENT_TARGET = 14.4;
				MTL_ENABLE_DEBUG_INFO = INCLUDE_SOURCE;
				MTL_FAST_MATH = YES;
				ONLY_ACTIVE_ARCH = YES;
				SDKROOT = iphoneos;
				SWIFT_ACTIVE_COMPILATION_CONDITIONS = DEBUG;
				SWIFT_OPTIMIZATION_LEVEL = "-Onone";
			};
			name = Debug;
		};
		905BE647261DF7770076E0E6 /* Release */ = {
			isa = XCBuildConfiguration;
			buildSettings = {
				ALWAYS_SEARCH_USER_PATHS = NO;
				CLANG_ANALYZER_NONNULL = YES;
				CLANG_ANALYZER_NUMBER_OBJECT_CONVERSION = YES_AGGRESSIVE;
				CLANG_CXX_LANGUAGE_STANDARD = "gnu++14";
				CLANG_CXX_LIBRARY = "libc++";
				CLANG_ENABLE_MODULES = YES;
				CLANG_ENABLE_OBJC_ARC = YES;
				CLANG_ENABLE_OBJC_WEAK = YES;
				CLANG_WARN_BLOCK_CAPTURE_AUTORELEASING = YES;
				CLANG_WARN_BOOL_CONVERSION = YES;
				CLANG_WARN_COMMA = YES;
				CLANG_WARN_CONSTANT_CONVERSION = YES;
				CLANG_WARN_DEPRECATED_OBJC_IMPLEMENTATIONS = YES;
				CLANG_WARN_DIRECT_OBJC_ISA_USAGE = YES_ERROR;
				CLANG_WARN_DOCUMENTATION_COMMENTS = YES;
				CLANG_WARN_EMPTY_BODY = YES;
				CLANG_WARN_ENUM_CONVERSION = YES;
				CLANG_WARN_INFINITE_RECURSION = YES;
				CLANG_WARN_INT_CONVERSION = YES;
				CLANG_WARN_NON_LITERAL_NULL_CONVERSION = YES;
				CLANG_WARN_OBJC_IMPLICIT_RETAIN_SELF = YES;
				CLANG_WARN_OBJC_LITERAL_CONVERSION = YES;
				CLANG_WARN_OBJC_ROOT_CLASS = YES_ERROR;
				CLANG_WARN_QUOTED_INCLUDE_IN_FRAMEWORK_HEADER = YES;
				CLANG_WARN_RANGE_LOOP_ANALYSIS = YES;
				CLANG_WARN_STRICT_PROTOTYPES = YES;
				CLANG_WARN_SUSPICIOUS_MOVE = YES;
				CLANG_WARN_UNGUARDED_AVAILABILITY = YES_AGGRESSIVE;
				CLANG_WARN_UNREACHABLE_CODE = YES;
				CLANG_WARN__DUPLICATE_METHOD_MATCH = YES;
				COPY_PHASE_STRIP = NO;
				DEBUG_INFORMATION_FORMAT = "dwarf-with-dsym";
				ENABLE_NS_ASSERTIONS = NO;
				ENABLE_STRICT_OBJC_MSGSEND = YES;
				GCC_C_LANGUAGE_STANDARD = gnu11;
				GCC_NO_COMMON_BLOCKS = YES;
				GCC_WARN_64_TO_32_BIT_CONVERSION = YES;
				GCC_WARN_ABOUT_RETURN_TYPE = YES_ERROR;
				GCC_WARN_UNDECLARED_SELECTOR = YES;
				GCC_WARN_UNINITIALIZED_AUTOS = YES_AGGRESSIVE;
				GCC_WARN_UNUSED_FUNCTION = YES;
				GCC_WARN_UNUSED_VARIABLE = YES;
				IPHONEOS_DEPLOYMENT_TARGET = 14.4;
				MTL_ENABLE_DEBUG_INFO = NO;
				MTL_FAST_MATH = YES;
				SDKROOT = iphoneos;
				SWIFT_COMPILATION_MODE = wholemodule;
				SWIFT_OPTIMIZATION_LEVEL = "-O";
				VALIDATE_PRODUCT = YES;
			};
			name = Release;
		};
		905BE649261DF7770076E0E6 /* Debug */ = {
			isa = XCBuildConfiguration;
			buildSettings = {
				ASSETCATALOG_COMPILER_APPICON_NAME = AppIcon;
				ASSETCATALOG_COMPILER_GLOBAL_ACCENT_COLOR_NAME = AccentColor;
				CODE_SIGN_STYLE = Automatic;
				DEVELOPMENT_TEAM = S725U7AK27;
				INFOPLIST_FILE = EbookListDemo/Info.plist;
				IPHONEOS_DEPLOYMENT_TARGET = 11.0;
				LD_RUNPATH_SEARCH_PATHS = (
					"$(inherited)",
					"@executable_path/Frameworks",
				);
				MARKETING_VERSION = 0.1;
				PRODUCT_BUNDLE_IDENTIFIER = com.svmLogics.EbookListDemo;
				PRODUCT_NAME = "$(TARGET_NAME)";
				SWIFT_VERSION = 5.0;
				TARGETED_DEVICE_FAMILY = 1;
			};
			name = Debug;
		};
		905BE64A261DF7770076E0E6 /* Release */ = {
			isa = XCBuildConfiguration;
			buildSettings = {
				ASSETCATALOG_COMPILER_APPICON_NAME = AppIcon;
				ASSETCATALOG_COMPILER_GLOBAL_ACCENT_COLOR_NAME = AccentColor;
				CODE_SIGN_STYLE = Automatic;
				DEVELOPMENT_TEAM = S725U7AK27;
				INFOPLIST_FILE = EbookListDemo/Info.plist;
				IPHONEOS_DEPLOYMENT_TARGET = 11.0;
				LD_RUNPATH_SEARCH_PATHS = (
					"$(inherited)",
					"@executable_path/Frameworks",
				);
				MARKETING_VERSION = 0.1;
				PRODUCT_BUNDLE_IDENTIFIER = com.svmLogics.EbookListDemo;
				PRODUCT_NAME = "$(TARGET_NAME)";
				SWIFT_VERSION = 5.0;
				TARGETED_DEVICE_FAMILY = 1;
			};
			name = Release;
		};
		905BE64C261DF7770076E0E6 /* Debug */ = {
			isa = XCBuildConfiguration;
			buildSettings = {
				ALWAYS_EMBED_SWIFT_STANDARD_LIBRARIES = YES;
				BUNDLE_LOADER = "$(TEST_HOST)";
				CODE_SIGN_STYLE = Automatic;
				DEVELOPMENT_TEAM = S725U7AK27;
				INFOPLIST_FILE = EbookListDemoTests/Info.plist;
				IPHONEOS_DEPLOYMENT_TARGET = 14.4;
				LD_RUNPATH_SEARCH_PATHS = (
					"$(inherited)",
					"@executable_path/Frameworks",
					"@loader_path/Frameworks",
				);
				PRODUCT_BUNDLE_IDENTIFIER = com.svmLogics.EbookListDemoTests;
				PRODUCT_NAME = "$(TARGET_NAME)";
				SWIFT_VERSION = 5.0;
				TARGETED_DEVICE_FAMILY = "1,2";
				TEST_HOST = "$(BUILT_PRODUCTS_DIR)/EbookListDemo.app/EbookListDemo";
			};
			name = Debug;
		};
		905BE64D261DF7770076E0E6 /* Release */ = {
			isa = XCBuildConfiguration;
			buildSettings = {
				ALWAYS_EMBED_SWIFT_STANDARD_LIBRARIES = YES;
				BUNDLE_LOADER = "$(TEST_HOST)";
				CODE_SIGN_STYLE = Automatic;
				DEVELOPMENT_TEAM = S725U7AK27;
				INFOPLIST_FILE = EbookListDemoTests/Info.plist;
				IPHONEOS_DEPLOYMENT_TARGET = 14.4;
				LD_RUNPATH_SEARCH_PATHS = (
					"$(inherited)",
					"@executable_path/Frameworks",
					"@loader_path/Frameworks",
				);
				PRODUCT_BUNDLE_IDENTIFIER = com.svmLogics.EbookListDemoTests;
				PRODUCT_NAME = "$(TARGET_NAME)";
				SWIFT_VERSION = 5.0;
				TARGETED_DEVICE_FAMILY = "1,2";
				TEST_HOST = "$(BUILT_PRODUCTS_DIR)/EbookListDemo.app/EbookListDemo";
			};
			name = Release;
		};
		905BE64F261DF7770076E0E6 /* Debug */ = {
			isa = XCBuildConfiguration;
			buildSettings = {
				ALWAYS_EMBED_SWIFT_STANDARD_LIBRARIES = YES;
				CODE_SIGN_STYLE = Automatic;
				DEVELOPMENT_TEAM = S725U7AK27;
				INFOPLIST_FILE = EbookListDemoUITests/Info.plist;
				LD_RUNPATH_SEARCH_PATHS = (
					"$(inherited)",
					"@executable_path/Frameworks",
					"@loader_path/Frameworks",
				);
				PRODUCT_BUNDLE_IDENTIFIER = com.svmLogics.EbookListDemoUITests;
				PRODUCT_NAME = "$(TARGET_NAME)";
				SWIFT_VERSION = 5.0;
				TARGETED_DEVICE_FAMILY = "1,2";
				TEST_TARGET_NAME = EbookListDemo;
			};
			name = Debug;
		};
		905BE650261DF7770076E0E6 /* Release */ = {
			isa = XCBuildConfiguration;
			buildSettings = {
				ALWAYS_EMBED_SWIFT_STANDARD_LIBRARIES = YES;
				CODE_SIGN_STYLE = Automatic;
				DEVELOPMENT_TEAM = S725U7AK27;
				INFOPLIST_FILE = EbookListDemoUITests/Info.plist;
				LD_RUNPATH_SEARCH_PATHS = (
					"$(inherited)",
					"@executable_path/Frameworks",
					"@loader_path/Frameworks",
				);
				PRODUCT_BUNDLE_IDENTIFIER = com.svmLogics.EbookListDemoUITests;
				PRODUCT_NAME = "$(TARGET_NAME)";
				SWIFT_VERSION = 5.0;
				TARGETED_DEVICE_FAMILY = "1,2";
				TEST_TARGET_NAME = EbookListDemo;
			};
			name = Release;
		};
/* End XCBuildConfiguration section */

/* Begin XCConfigurationList section */
		905BE619261DF7750076E0E6 /* Build configuration list for PBXProject "EbookListDemo" */ = {
			isa = XCConfigurationList;
			buildConfigurations = (
				905BE646261DF7770076E0E6 /* Debug */,
				905BE647261DF7770076E0E6 /* Release */,
			);
			defaultConfigurationIsVisible = 0;
			defaultConfigurationName = Release;
		};
		905BE648261DF7770076E0E6 /* Build configuration list for PBXNativeTarget "EbookListDemo" */ = {
			isa = XCConfigurationList;
			buildConfigurations = (
				905BE649261DF7770076E0E6 /* Debug */,
				905BE64A261DF7770076E0E6 /* Release */,
			);
			defaultConfigurationIsVisible = 0;
			defaultConfigurationName = Release;
		};
		905BE64B261DF7770076E0E6 /* Build configuration list for PBXNativeTarget "EbookListDemoTests" */ = {
			isa = XCConfigurationList;
			buildConfigurations = (
				905BE64C261DF7770076E0E6 /* Debug */,
				905BE64D261DF7770076E0E6 /* Release */,
			);
			defaultConfigurationIsVisible = 0;
			defaultConfigurationName = Release;
		};
		905BE64E261DF7770076E0E6 /* Build configuration list for PBXNativeTarget "EbookListDemoUITests" */ = {
			isa = XCConfigurationList;
			buildConfigurations = (
				905BE64F261DF7770076E0E6 /* Debug */,
				905BE650261DF7770076E0E6 /* Release */,
			);
			defaultConfigurationIsVisible = 0;
			defaultConfigurationName = Release;
		};
/* End XCConfigurationList section */
	};
	rootObject = 905BE616261DF7750076E0E6 /* Project object */;
}
